
Microsoft Visual Studio Solution File, Format Version 12.00
# Visual Studio Version 16
VisualStudioVersion = 16.0.28803.452
MinimumVisualStudioVersion = 10.0.40219.1
Project("{FAE04EC0-301F-11D3-BF4B-00C04F79EFBC}") = "Iunie04", "Iunie04.csproj", "{FBF3A4DD-F359-470F-B170-BD9412C73E73}"
EndProject
Project("{FAE04EC0-301F-11D3-BF4B-00C04F79EFBC}") = "StringList", "..\StringList\StringList.csproj", "{C903EF5B-17DB-4B73-9393-A4C6FF094DC2}"
EndProject
Project("{2150E333-8FDC-42A3-9474-1A3956D46DE8}") = "ImplementDelegate", "ImplementDelegate", "{026AE3F5-91BB-4AB8-864C-26BCCA2D5B57}"
EndProject
Project("{FAE04EC0-301F-11D3-BF4B-00C04F79EFBC}") = "Delegate1", "..\Delegate1\Delegate1.csproj", "{95B832C4-2FDD-4AEF-8007-51C2E466F4F1}"
EndProject
Project("{FAE04EC0-301F-11D3-BF4B-00C04F79EFBC}") = "Delegate2", "..\Delegate2\Delegate2.csproj", "{886CD1F5-41E0-49F2-A0DD-BA3BB6C478E9}"
EndProject
Project("{FAE04EC0-301F-11D3-BF4B-00C04F79EFBC}") = "Delegate3", "..\Delegate3\Delegate3.csproj", "{B1C2C42E-5988-429D-A0FB-165D06983401}"
EndProject
Project("{2150E333-8FDC-42A3-9474-1A3956D46DE8}") = "ImplementFunc", "ImplementFunc", "{D6B0E585-A818-431E-8627-DDB33ED30DA9}"
EndProject
Project("{FAE04EC0-301F-11D3-BF4B-00C04F79EFBC}") = "ImplementFunc1", "..\ImplementFunc1\ImplementFunc1.csproj", "{86742F6D-F16B-45B8-8A3F-4663C5929546}"
EndProject
Project("{FAE04EC0-301F-11D3-BF4B-00C04F79EFBC}") = "ImplementFunc1A", "..\ImplementFunc1A\ImplementFunc1A.csproj", "{EC885869-134B-466B-9875-DE15AB27FDF7}"
EndProject
Project("{FAE04EC0-301F-11D3-BF4B-00C04F79EFBC}") = "FuncAnonymus", "..\FuncAnonymus\FuncAnonymus.csproj", "{E5F04123-2FE2-4293-A351-DD97FBB6ABF6}"
EndProject
Project("{FAE04EC0-301F-11D3-BF4B-00C04F79EFBC}") = "FuncLambda", "..\FuncLambda\FuncLambda.csproj", "{9AB29CB7-C4FC-4C59-8AA2-1D8A510E96E6}"
EndProject
Project("{2150E333-8FDC-42A3-9474-1A3956D46DE8}") = "ImplementAction", "ImplementAction", "{EAE9546E-AC83-4EDC-AE39-84C370C8E8C6}"
EndProject
Project("{FAE04EC0-301F-11D3-BF4B-00C04F79EFBC}") = "Action1", "..\Action1\Action1.csproj", "{8A0ECBFF-7CDD-4987-A8AF-E3AD8A6EF921}"
EndProject
Project("{FAE04EC0-301F-11D3-BF4B-00C04F79EFBC}") = "Action1A", "..\Action1A\Action1A.csproj", "{C3C2DCFA-CA58-4C16-82F2-358EAE02A31E}"
EndProject
Project("{FAE04EC0-301F-11D3-BF4B-00C04F79EFBC}") = "ActionAnonymus", "..\ActionAnonymus\ActionAnonymus.csproj", "{B40DFE13-18A9-443D-9BAE-7D166F9A0EDB}"
EndProject
Project("{FAE04EC0-301F-11D3-BF4B-00C04F79EFBC}") = "ActionLambda", "..\ActionLambda\ActionLambda.csproj", "{4320D641-3D6C-41C2-9247-5107F94A2A17}"
EndProject
Project("{2150E333-8FDC-42A3-9474-1A3956D46DE8}") = "ImplementPredicat", "ImplementPredicat", "{076462F8-841A-451F-AACA-75C34BCEFCAD}"
EndProject
Project("{FAE04EC0-301F-11D3-BF4B-00C04F79EFBC}") = "Predicate1", "..\Predicate1\Predicate1.csproj", "{635B2CFC-59AB-494B-A277-47D4828BDC42}"
EndProject
Project("{FAE04EC0-301F-11D3-BF4B-00C04F79EFBC}") = "PredicateAnonymus", "..\PredicateAnonymus\PredicateAnonymus.csproj", "{5348F29D-3A72-4A52-97FE-91143E072413}"
EndProject
Project("{FAE04EC0-301F-11D3-BF4B-00C04F79EFBC}") = "PredicateLambda", "..\PredicateLambda\PredicateLambda.csproj", "{4CFC1E7C-87DF-49A0-81F6-A9857E4BC302}"
EndProject
Project("{2150E333-8FDC-42A3-9474-1A3956D46DE8}") = "AfterLINQcourse", "AfterLINQcourse", "{E9FAEB75-6CD3-4585-BE65-477D5F0EE204}"
EndProject
Project("{FAE04EC0-301F-11D3-BF4B-00C04F79EFBC}") = "01StringBuilder.Substring", "..\StringBuilder.Substring\01StringBuilder.Substring.csproj", "{CCF86308-4C8D-407C-9EFD-94C43C416828}"
EndProject
Project("{FAE04EC0-301F-11D3-BF4B-00C04F79EFBC}") = "02IEnumerableExtensions", "..\IEnumerableExtensions\02IEnumerableExtensions.csproj", "{DF5B352E-F366-43C4-89E6-076FCEA2E265}"
EndProject
Project("{FAE04EC0-301F-11D3-BF4B-00C04F79EFBC}") = "03FirstBeforeLast", "..\03FirstBeforeLast\03FirstBeforeLast.csproj", "{C31CD365-AA66-4BC6-921D-24A740CB936B}"
EndProject
Project("{FAE04EC0-301F-11D3-BF4B-00C04F79EFBC}") = "04AgeRange", "..\04AgeRange\04AgeRange.csproj", "{93F39F3B-29EA-4CAC-8983-4B783A4F2EE4}"
EndProject
Project("{FAE04EC0-301F-11D3-BF4B-00C04F79EFBC}") = "05OrderStudents", "..\05OrderStudents\05OrderStudents.csproj", "{C881063C-655B-46C1-9070-4D5F1D2497A4}"
EndProject
Project("{FAE04EC0-301F-11D3-BF4B-00C04F79EFBC}") = "06DivisibleBy7And3", "..\06DivisibleBy7And3\06DivisibleBy7And3.csproj", "{751CB379-6CBE-42F8-A216-F3524164FB40}"
EndProject
Project("{FAE04EC0-301F-11D3-BF4B-00C04F79EFBC}") = "07Timer", "..\07Timer\07Timer.csproj", "{0674896D-10D3-4FCA-A883-EA116ED8424E}"
EndProject
Project("{FAE04EC0-301F-11D3-BF4B-00C04F79EFBC}") = "09StudentGroup", "..\09StudentGroup\09StudentGroup.csproj", "{10681A21-BEB1-4E69-A990-B525ACF8C51F}"
EndProject
Project("{FAE04EC0-301F-11D3-BF4B-00C04F79EFBC}") = "10StudentGroupExtension", "..\10StudentGroupExtension\10StudentGroupExtension.csproj", "{B9B36797-F793-4265-83F8-976769147409}"
EndProject
Project("{FAE04EC0-301F-11D3-BF4B-00C04F79EFBC}") = "13ExtractStudentsByMarks", "..\13ExtractStudentsByEmail\13ExtractStudentsByMarks.csproj", "{EEB35A78-E945-41D9-8CD8-F97AB02CE1AF}"
EndProject
Project("{FAE04EC0-301F-11D3-BF4B-00C04F79EFBC}") = "14ExtractStudentsWithTwoMarks", "..\14ExtractStudentsWithTwoMarks\14ExtractStudentsWithTwoMarks.csproj", "{4397CE53-1A45-4EB6-9290-C88B20F85A3E}"
EndProject
Project("{FAE04EC0-301F-11D3-BF4B-00C04F79EFBC}") = "15ExtractMarks", "..\15ExtractMarks\15ExtractMarks.csproj", "{D1577DFC-773E-4680-8540-30D94480EB95}"
EndProject
Project("{FAE04EC0-301F-11D3-BF4B-00C04F79EFBC}") = "11ExtractStudentByEmail", "..\ExtractStudentByEmail\11ExtractStudentByEmail.csproj", "{62617B33-5B5F-421D-97A3-21EA973CE923}"
EndProject
Project("{FAE04EC0-301F-11D3-BF4B-00C04F79EFBC}") = "12ExctractStudentByPhone", "..\12ExctractStudentByPhone\12ExctractStudentByPhone.csproj", "{2DC6C56C-746B-439D-A3DB-AA8679A4C251}"
EndProject
Global
	GlobalSection(SolutionConfigurationPlatforms) = preSolution
		Debug|Any CPU = Debug|Any CPU
		Release|Any CPU = Release|Any CPU
	EndGlobalSection
	GlobalSection(ProjectConfigurationPlatforms) = postSolution
		{FBF3A4DD-F359-470F-B170-BD9412C73E73}.Debug|Any CPU.ActiveCfg = Debug|Any CPU
		{FBF3A4DD-F359-470F-B170-BD9412C73E73}.Debug|Any CPU.Build.0 = Debug|Any CPU
		{FBF3A4DD-F359-470F-B170-BD9412C73E73}.Release|Any CPU.ActiveCfg = Release|Any CPU
		{FBF3A4DD-F359-470F-B170-BD9412C73E73}.Release|Any CPU.Build.0 = Release|Any CPU
		{C903EF5B-17DB-4B73-9393-A4C6FF094DC2}.Debug|Any CPU.ActiveCfg = Debug|Any CPU
		{C903EF5B-17DB-4B73-9393-A4C6FF094DC2}.Debug|Any CPU.Build.0 = Debug|Any CPU
		{C903EF5B-17DB-4B73-9393-A4C6FF094DC2}.Release|Any CPU.ActiveCfg = Release|Any CPU
		{C903EF5B-17DB-4B73-9393-A4C6FF094DC2}.Release|Any CPU.Build.0 = Release|Any CPU
		{95B832C4-2FDD-4AEF-8007-51C2E466F4F1}.Debug|Any CPU.ActiveCfg = Debug|Any CPU
		{95B832C4-2FDD-4AEF-8007-51C2E466F4F1}.Debug|Any CPU.Build.0 = Debug|Any CPU
		{95B832C4-2FDD-4AEF-8007-51C2E466F4F1}.Release|Any CPU.ActiveCfg = Release|Any CPU
		{95B832C4-2FDD-4AEF-8007-51C2E466F4F1}.Release|Any CPU.Build.0 = Release|Any CPU
		{886CD1F5-41E0-49F2-A0DD-BA3BB6C478E9}.Debug|Any CPU.ActiveCfg = Debug|Any CPU
		{886CD1F5-41E0-49F2-A0DD-BA3BB6C478E9}.Debug|Any CPU.Build.0 = Debug|Any CPU
		{886CD1F5-41E0-49F2-A0DD-BA3BB6C478E9}.Release|Any CPU.ActiveCfg = Release|Any CPU
		{886CD1F5-41E0-49F2-A0DD-BA3BB6C478E9}.Release|Any CPU.Build.0 = Release|Any CPU
		{B1C2C42E-5988-429D-A0FB-165D06983401}.Debug|Any CPU.ActiveCfg = Debug|Any CPU
		{B1C2C42E-5988-429D-A0FB-165D06983401}.Debug|Any CPU.Build.0 = Debug|Any CPU
		{B1C2C42E-5988-429D-A0FB-165D06983401}.Release|Any CPU.ActiveCfg = Release|Any CPU
		{B1C2C42E-5988-429D-A0FB-165D06983401}.Release|Any CPU.Build.0 = Release|Any CPU
		{86742F6D-F16B-45B8-8A3F-4663C5929546}.Debug|Any CPU.ActiveCfg = Debug|Any CPU
		{86742F6D-F16B-45B8-8A3F-4663C5929546}.Debug|Any CPU.Build.0 = Debug|Any CPU
		{86742F6D-F16B-45B8-8A3F-4663C5929546}.Release|Any CPU.ActiveCfg = Release|Any CPU
		{86742F6D-F16B-45B8-8A3F-4663C5929546}.Release|Any CPU.Build.0 = Release|Any CPU
		{EC885869-134B-466B-9875-DE15AB27FDF7}.Debug|Any CPU.ActiveCfg = Debug|Any CPU
		{EC885869-134B-466B-9875-DE15AB27FDF7}.Debug|Any CPU.Build.0 = Debug|Any CPU
		{EC885869-134B-466B-9875-DE15AB27FDF7}.Release|Any CPU.ActiveCfg = Release|Any CPU
		{EC885869-134B-466B-9875-DE15AB27FDF7}.Release|Any CPU.Build.0 = Release|Any CPU
		{E5F04123-2FE2-4293-A351-DD97FBB6ABF6}.Debug|Any CPU.ActiveCfg = Debug|Any CPU
		{E5F04123-2FE2-4293-A351-DD97FBB6ABF6}.Debug|Any CPU.Build.0 = Debug|Any CPU
		{E5F04123-2FE2-4293-A351-DD97FBB6ABF6}.Release|Any CPU.ActiveCfg = Release|Any CPU
		{E5F04123-2FE2-4293-A351-DD97FBB6ABF6}.Release|Any CPU.Build.0 = Release|Any CPU
		{9AB29CB7-C4FC-4C59-8AA2-1D8A510E96E6}.Debug|Any CPU.ActiveCfg = Debug|Any CPU
		{9AB29CB7-C4FC-4C59-8AA2-1D8A510E96E6}.Debug|Any CPU.Build.0 = Debug|Any CPU
		{9AB29CB7-C4FC-4C59-8AA2-1D8A510E96E6}.Release|Any CPU.ActiveCfg = Release|Any CPU
		{9AB29CB7-C4FC-4C59-8AA2-1D8A510E96E6}.Release|Any CPU.Build.0 = Release|Any CPU
		{8A0ECBFF-7CDD-4987-A8AF-E3AD8A6EF921}.Debug|Any CPU.ActiveCfg = Debug|Any CPU
		{8A0ECBFF-7CDD-4987-A8AF-E3AD8A6EF921}.Debug|Any CPU.Build.0 = Debug|Any CPU
		{8A0ECBFF-7CDD-4987-A8AF-E3AD8A6EF921}.Release|Any CPU.ActiveCfg = Release|Any CPU
		{8A0ECBFF-7CDD-4987-A8AF-E3AD8A6EF921}.Release|Any CPU.Build.0 = Release|Any CPU
		{C3C2DCFA-CA58-4C16-82F2-358EAE02A31E}.Debug|Any CPU.ActiveCfg = Debug|Any CPU
		{C3C2DCFA-CA58-4C16-82F2-358EAE02A31E}.Debug|Any CPU.Build.0 = Debug|Any CPU
		{C3C2DCFA-CA58-4C16-82F2-358EAE02A31E}.Release|Any CPU.ActiveCfg = Release|Any CPU
		{C3C2DCFA-CA58-4C16-82F2-358EAE02A31E}.Release|Any CPU.Build.0 = Release|Any CPU
		{B40DFE13-18A9-443D-9BAE-7D166F9A0EDB}.Debug|Any CPU.ActiveCfg = Debug|Any CPU
		{B40DFE13-18A9-443D-9BAE-7D166F9A0EDB}.Debug|Any CPU.Build.0 = Debug|Any CPU
		{B40DFE13-18A9-443D-9BAE-7D166F9A0EDB}.Release|Any CPU.ActiveCfg = Release|Any CPU
		{B40DFE13-18A9-443D-9BAE-7D166F9A0EDB}.Release|Any CPU.Build.0 = Release|Any CPU
		{4320D641-3D6C-41C2-9247-5107F94A2A17}.Debug|Any CPU.ActiveCfg = Debug|Any CPU
		{4320D641-3D6C-41C2-9247-5107F94A2A17}.Debug|Any CPU.Build.0 = Debug|Any CPU
		{4320D641-3D6C-41C2-9247-5107F94A2A17}.Release|Any CPU.ActiveCfg = Release|Any CPU
		{4320D641-3D6C-41C2-9247-5107F94A2A17}.Release|Any CPU.Build.0 = Release|Any CPU
		{635B2CFC-59AB-494B-A277-47D4828BDC42}.Debug|Any CPU.ActiveCfg = Debug|Any CPU
		{635B2CFC-59AB-494B-A277-47D4828BDC42}.Debug|Any CPU.Build.0 = Debug|Any CPU
		{635B2CFC-59AB-494B-A277-47D4828BDC42}.Release|Any CPU.ActiveCfg = Release|Any CPU
		{635B2CFC-59AB-494B-A277-47D4828BDC42}.Release|Any CPU.Build.0 = Release|Any CPU
		{5348F29D-3A72-4A52-97FE-91143E072413}.Debug|Any CPU.ActiveCfg = Debug|Any CPU
		{5348F29D-3A72-4A52-97FE-91143E072413}.Debug|Any CPU.Build.0 = Debug|Any CPU
		{5348F29D-3A72-4A52-97FE-91143E072413}.Release|Any CPU.ActiveCfg = Release|Any CPU
		{5348F29D-3A72-4A52-97FE-91143E072413}.Release|Any CPU.Build.0 = Release|Any CPU
		{4CFC1E7C-87DF-49A0-81F6-A9857E4BC302}.Debug|Any CPU.ActiveCfg = Debug|Any CPU
		{4CFC1E7C-87DF-49A0-81F6-A9857E4BC302}.Debug|Any CPU.Build.0 = Debug|Any CPU
		{4CFC1E7C-87DF-49A0-81F6-A9857E4BC302}.Release|Any CPU.ActiveCfg = Release|Any CPU
		{4CFC1E7C-87DF-49A0-81F6-A9857E4BC302}.Release|Any CPU.Build.0 = Release|Any CPU
		{CCF86308-4C8D-407C-9EFD-94C43C416828}.Debug|Any CPU.ActiveCfg = Debug|Any CPU
		{CCF86308-4C8D-407C-9EFD-94C43C416828}.Debug|Any CPU.Build.0 = Debug|Any CPU
		{CCF86308-4C8D-407C-9EFD-94C43C416828}.Release|Any CPU.ActiveCfg = Release|Any CPU
		{CCF86308-4C8D-407C-9EFD-94C43C416828}.Release|Any CPU.Build.0 = Release|Any CPU
		{DF5B352E-F366-43C4-89E6-076FCEA2E265}.Debug|Any CPU.ActiveCfg = Debug|Any CPU
		{DF5B352E-F366-43C4-89E6-076FCEA2E265}.Debug|Any CPU.Build.0 = Debug|Any CPU
		{DF5B352E-F366-43C4-89E6-076FCEA2E265}.Release|Any CPU.ActiveCfg = Release|Any CPU
		{DF5B352E-F366-43C4-89E6-076FCEA2E265}.Release|Any CPU.Build.0 = Release|Any CPU
		{C31CD365-AA66-4BC6-921D-24A740CB936B}.Debug|Any CPU.ActiveCfg = Debug|Any CPU
		{C31CD365-AA66-4BC6-921D-24A740CB936B}.Debug|Any CPU.Build.0 = Debug|Any CPU
		{C31CD365-AA66-4BC6-921D-24A740CB936B}.Release|Any CPU.ActiveCfg = Release|Any CPU
		{C31CD365-AA66-4BC6-921D-24A740CB936B}.Release|Any CPU.Build.0 = Release|Any CPU
		{93F39F3B-29EA-4CAC-8983-4B783A4F2EE4}.Debug|Any CPU.ActiveCfg = Debug|Any CPU
		{93F39F3B-29EA-4CAC-8983-4B783A4F2EE4}.Debug|Any CPU.Build.0 = Debug|Any CPU
		{93F39F3B-29EA-4CAC-8983-4B783A4F2EE4}.Release|Any CPU.ActiveCfg = Release|Any CPU
		{93F39F3B-29EA-4CAC-8983-4B783A4F2EE4}.Release|Any CPU.Build.0 = Release|Any CPU
		{C881063C-655B-46C1-9070-4D5F1D2497A4}.Debug|Any CPU.ActiveCfg = Debug|Any CPU
		{C881063C-655B-46C1-9070-4D5F1D2497A4}.Debug|Any CPU.Build.0 = Debug|Any CPU
		{C881063C-655B-46C1-9070-4D5F1D2497A4}.Release|Any CPU.ActiveCfg = Release|Any CPU
		{C881063C-655B-46C1-9070-4D5F1D2497A4}.Release|Any CPU.Build.0 = Release|Any CPU
		{751CB379-6CBE-42F8-A216-F3524164FB40}.Debug|Any CPU.ActiveCfg = Debug|Any CPU
		{751CB379-6CBE-42F8-A216-F3524164FB40}.Debug|Any CPU.Build.0 = Debug|Any CPU
		{751CB379-6CBE-42F8-A216-F3524164FB40}.Release|Any CPU.ActiveCfg = Release|Any CPU
		{751CB379-6CBE-42F8-A216-F3524164FB40}.Release|Any CPU.Build.0 = Release|Any CPU
		{0674896D-10D3-4FCA-A883-EA116ED8424E}.Debug|Any CPU.ActiveCfg = Debug|Any CPU
		{0674896D-10D3-4FCA-A883-EA116ED8424E}.Debug|Any CPU.Build.0 = Debug|Any CPU
		{0674896D-10D3-4FCA-A883-EA116ED8424E}.Release|Any CPU.ActiveCfg = Release|Any CPU
		{0674896D-10D3-4FCA-A883-EA116ED8424E}.Release|Any CPU.Build.0 = Release|Any CPU
		{10681A21-BEB1-4E69-A990-B525ACF8C51F}.Debug|Any CPU.ActiveCfg = Debug|Any CPU
		{10681A21-BEB1-4E69-A990-B525ACF8C51F}.Debug|Any CPU.Build.0 = Debug|Any CPU
		{10681A21-BEB1-4E69-A990-B525ACF8C51F}.Release|Any CPU.ActiveCfg = Release|Any CPU
		{10681A21-BEB1-4E69-A990-B525ACF8C51F}.Release|Any CPU.Build.0 = Release|Any CPU
		{B9B36797-F793-4265-83F8-976769147409}.Debug|Any CPU.ActiveCfg = Debug|Any CPU
		{B9B36797-F793-4265-83F8-976769147409}.Debug|Any CPU.Build.0 = Debug|Any CPU
		{B9B36797-F793-4265-83F8-976769147409}.Release|Any CPU.ActiveCfg = Release|Any CPU
		{B9B36797-F793-4265-83F8-976769147409}.Release|Any CPU.Build.0 = Release|Any CPU
		{EEB35A78-E945-41D9-8CD8-F97AB02CE1AF}.Debug|Any CPU.ActiveCfg = Debug|Any CPU
		{EEB35A78-E945-41D9-8CD8-F97AB02CE1AF}.Debug|Any CPU.Build.0 = Debug|Any CPU
		{EEB35A78-E945-41D9-8CD8-F97AB02CE1AF}.Release|Any CPU.ActiveCfg = Release|Any CPU
		{EEB35A78-E945-41D9-8CD8-F97AB02CE1AF}.Release|Any CPU.Build.0 = Release|Any CPU
		{4397CE53-1A45-4EB6-9290-C88B20F85A3E}.Debug|Any CPU.ActiveCfg = Debug|Any CPU
		{4397CE53-1A45-4EB6-9290-C88B20F85A3E}.Debug|Any CPU.Build.0 = Debug|Any CPU
		{4397CE53-1A45-4EB6-9290-C88B20F85A3E}.Release|Any CPU.ActiveCfg = Release|Any CPU
		{4397CE53-1A45-4EB6-9290-C88B20F85A3E}.Release|Any CPU.Build.0 = Release|Any CPU
		{D1577DFC-773E-4680-8540-30D94480EB95}.Debug|Any CPU.ActiveCfg = Debug|Any CPU
		{D1577DFC-773E-4680-8540-30D94480EB95}.Debug|Any CPU.Build.0 = Debug|Any CPU
		{D1577DFC-773E-4680-8540-30D94480EB95}.Release|Any CPU.ActiveCfg = Release|Any CPU
		{D1577DFC-773E-4680-8540-30D94480EB95}.Release|Any CPU.Build.0 = Release|Any CPU
		{62617B33-5B5F-421D-97A3-21EA973CE923}.Debug|Any CPU.ActiveCfg = Debug|Any CPU
		{62617B33-5B5F-421D-97A3-21EA973CE923}.Debug|Any CPU.Build.0 = Debug|Any CPU
		{62617B33-5B5F-421D-97A3-21EA973CE923}.Release|Any CPU.ActiveCfg = Release|Any CPU
		{62617B33-5B5F-421D-97A3-21EA973CE923}.Release|Any CPU.Build.0 = Release|Any CPU
		{2DC6C56C-746B-439D-A3DB-AA8679A4C251}.Debug|Any CPU.ActiveCfg = Debug|Any CPU
		{2DC6C56C-746B-439D-A3DB-AA8679A4C251}.Debug|Any CPU.Build.0 = Debug|Any CPU
		{2DC6C56C-746B-439D-A3DB-AA8679A4C251}.Release|Any CPU.ActiveCfg = Release|Any CPU
		{2DC6C56C-746B-439D-A3DB-AA8679A4C251}.Release|Any CPU.Build.0 = Release|Any CPU
	EndGlobalSection
	GlobalSection(SolutionProperties) = preSolution
		HideSolutionNode = FALSE
	EndGlobalSection
	GlobalSection(NestedProjects) = preSolution
		{95B832C4-2FDD-4AEF-8007-51C2E466F4F1} = {026AE3F5-91BB-4AB8-864C-26BCCA2D5B57}
		{886CD1F5-41E0-49F2-A0DD-BA3BB6C478E9} = {026AE3F5-91BB-4AB8-864C-26BCCA2D5B57}
		{B1C2C42E-5988-429D-A0FB-165D06983401} = {026AE3F5-91BB-4AB8-864C-26BCCA2D5B57}
		{86742F6D-F16B-45B8-8A3F-4663C5929546} = {D6B0E585-A818-431E-8627-DDB33ED30DA9}
		{EC885869-134B-466B-9875-DE15AB27FDF7} = {D6B0E585-A818-431E-8627-DDB33ED30DA9}
		{E5F04123-2FE2-4293-A351-DD97FBB6ABF6} = {D6B0E585-A818-431E-8627-DDB33ED30DA9}
		{9AB29CB7-C4FC-4C59-8AA2-1D8A510E96E6} = {D6B0E585-A818-431E-8627-DDB33ED30DA9}
		{8A0ECBFF-7CDD-4987-A8AF-E3AD8A6EF921} = {EAE9546E-AC83-4EDC-AE39-84C370C8E8C6}
		{C3C2DCFA-CA58-4C16-82F2-358EAE02A31E} = {EAE9546E-AC83-4EDC-AE39-84C370C8E8C6}
		{B40DFE13-18A9-443D-9BAE-7D166F9A0EDB} = {EAE9546E-AC83-4EDC-AE39-84C370C8E8C6}
		{4320D641-3D6C-41C2-9247-5107F94A2A17} = {EAE9546E-AC83-4EDC-AE39-84C370C8E8C6}
		{635B2CFC-59AB-494B-A277-47D4828BDC42} = {076462F8-841A-451F-AACA-75C34BCEFCAD}
		{5348F29D-3A72-4A52-97FE-91143E072413} = {076462F8-841A-451F-AACA-75C34BCEFCAD}
		{4CFC1E7C-87DF-49A0-81F6-A9857E4BC302} = {076462F8-841A-451F-AACA-75C34BCEFCAD}
		{CCF86308-4C8D-407C-9EFD-94C43C416828} = {E9FAEB75-6CD3-4585-BE65-477D5F0EE204}
		{DF5B352E-F366-43C4-89E6-076FCEA2E265} = {E9FAEB75-6CD3-4585-BE65-477D5F0EE204}
		{C31CD365-AA66-4BC6-921D-24A740CB936B} = {E9FAEB75-6CD3-4585-BE65-477D5F0EE204}
		{93F39F3B-29EA-4CAC-8983-4B783A4F2EE4} = {E9FAEB75-6CD3-4585-BE65-477D5F0EE204}
		{C881063C-655B-46C1-9070-4D5F1D2497A4} = {E9FAEB75-6CD3-4585-BE65-477D5F0EE204}
		{751CB379-6CBE-42F8-A216-F3524164FB40} = {E9FAEB75-6CD3-4585-BE65-477D5F0EE204}
		{0674896D-10D3-4FCA-A883-EA116ED8424E} = {E9FAEB75-6CD3-4585-BE65-477D5F0EE204}
		{10681A21-BEB1-4E69-A990-B525ACF8C51F} = {E9FAEB75-6CD3-4585-BE65-477D5F0EE204}
		{B9B36797-F793-4265-83F8-976769147409} = {E9FAEB75-6CD3-4585-BE65-477D5F0EE204}
		{EEB35A78-E945-41D9-8CD8-F97AB02CE1AF} = {E9FAEB75-6CD3-4585-BE65-477D5F0EE204}
		{4397CE53-1A45-4EB6-9290-C88B20F85A3E} = {E9FAEB75-6CD3-4585-BE65-477D5F0EE204}
		{D1577DFC-773E-4680-8540-30D94480EB95} = {E9FAEB75-6CD3-4585-BE65-477D5F0EE204}
		{62617B33-5B5F-421D-97A3-21EA973CE923} = {E9FAEB75-6CD3-4585-BE65-477D5F0EE204}
		{2DC6C56C-746B-439D-A3DB-AA8679A4C251} = {E9FAEB75-6CD3-4585-BE65-477D5F0EE204}
	EndGlobalSection
	GlobalSection(ExtensibilityGlobals) = postSolution
		SolutionGuid = {C1B7D47A-CDF9-43E0-A4AB-D109E2D39BA8}
	EndGlobalSection
EndGlobal
